
Microsoft Visual Studio Solution File, Format Version 12.00
# Visual Studio Version 16
VisualStudioVersion = 16.0.31410.357
MinimumVisualStudioVersion = 10.0.40219.1
Project("{FAE04EC0-301F-11D3-BF4B-00C04F79EFBC}") = "Tarea05_06", "Tarea05_06\Tarea05_06.csproj", "{3E0B2553-7165-474D-A73D-1749F73E7D66}"
EndProject
Global
	GlobalSection(SolutionConfigurationPlatforms) = preSolution
		Debug|Any CPU = Debug|Any CPU
		Release|Any CPU = Release|Any CPU
	EndGlobalSection
	GlobalSection(ProjectConfigurationPlatforms) = postSolution
		{3E0B2553-7165-474D-A73D-1749F73E7D66}.Debug|Any CPU.ActiveCfg = Debug|Any CPU
		{3E0B2553-7165-474D-A73D-1749F73E7D66}.Debug|Any CPU.Build.0 = Debug|Any CPU
		{3E0B2553-7165-474D-A73D-1749F73E7D66}.Release|Any CPU.ActiveCfg = Release|Any CPU
		{3E0B2553-7165-474D-A73D-1749F73E7D66}.Release|Any CPU.Build.0 = Release|Any CPU
	EndGlobalSection
	GlobalSection(SolutionProperties) = preSolution
		HideSolutionNode = FALSE
	EndGlobalSection
	GlobalSection(ExtensibilityGlobals) = postSolution
		SolutionGuid = {D373B0A2-B44A-4BD5-B5AC-A210E1BC21F1}
	EndGlobalSection
EndGlobal
